
Microsoft Visual Studio Solution File, Format Version 12.00
# Visual Studio Version 16
VisualStudioVersion = 16.0.31129.286
MinimumVisualStudioVersion = 10.0.40219.1
Project("{FAE04EC0-301F-11D3-BF4B-00C04F79EFBC}") = "BattleBuddy", "BattleBuddy.csproj", "{F0D53859-9ED8-4236-994B-6DE794C17F4D}"
EndProject
Global
	GlobalSection(SolutionConfigurationPlatforms) = preSolution
		Debug|Any CPU = Debug|Any CPU
		Release|Any CPU = Release|Any CPU
	EndGlobalSection
	GlobalSection(ProjectConfigurationPlatforms) = postSolution
		{F0D53859-9ED8-4236-994B-6DE794C17F4D}.Debug|Any CPU.ActiveCfg = Debug|Any CPU
		{F0D53859-9ED8-4236-994B-6DE794C17F4D}.Debug|Any CPU.Build.0 = Debug|Any CPU
		{F0D53859-9ED8-4236-994B-6DE794C17F4D}.Release|Any CPU.ActiveCfg = Release|Any CPU
		{F0D53859-9ED8-4236-994B-6DE794C17F4D}.Release|Any CPU.Build.0 = Release|Any CPU
	EndGlobalSection
	GlobalSection(SolutionProperties) = preSolution
		HideSolutionNode = FALSE
	EndGlobalSection
	GlobalSection(ExtensibilityGlobals) = postSolution
		SolutionGuid = {0A572F37-A7CE-43C5-A263-B3C34E1A549D}
	EndGlobalSection
EndGlobal
